
Microsoft Visual Studio Solution File, Format Version 12.00
# Visual Studio Version 17
VisualStudioVersion = 17.4.32912.340
MinimumVisualStudioVersion = 10.0.40219.1
Project("{FAE04EC0-301F-11D3-BF4B-00C04F79EFBC}") = "VisualAcademy.Apis", "VisualAcademy.Apis\VisualAcademy.Apis.csproj", "{141B4393-9971-45A6-B912-AEF8FC61A776}"
EndProject
Global
	GlobalSection(SolutionConfigurationPlatforms) = preSolution
		Debug|Any CPU = Debug|Any CPU
		Release|Any CPU = Release|Any CPU
	EndGlobalSection
	GlobalSection(ProjectConfigurationPlatforms) = postSolution
		{141B4393-9971-45A6-B912-AEF8FC61A776}.Debug|Any CPU.ActiveCfg = Debug|Any CPU
		{141B4393-9971-45A6-B912-AEF8FC61A776}.Debug|Any CPU.Build.0 = Debug|Any CPU
		{141B4393-9971-45A6-B912-AEF8FC61A776}.Release|Any CPU.ActiveCfg = Release|Any CPU
		{141B4393-9971-45A6-B912-AEF8FC61A776}.Release|Any CPU.Build.0 = Release|Any CPU
	EndGlobalSection
	GlobalSection(SolutionProperties) = preSolution
		HideSolutionNode = FALSE
	EndGlobalSection
	GlobalSection(ExtensibilityGlobals) = postSolution
		SolutionGuid = {851A936E-81B8-49F0-82D4-1A7C4C2E26B9}
	EndGlobalSection
EndGlobal
